
Microsoft Visual Studio Solution File, Format Version 12.00
# Visual Studio Version 17
VisualStudioVersion = 17.9.34622.214
MinimumVisualStudioVersion = 10.0.40219.1
Project("{FAE04EC0-301F-11D3-BF4B-00C04F79EFBC}") = "WindowsFormsApp1", "WindowsFormsApp1.csproj", "{BB362973-9CB4-4444-BB3F-98F1F8F1C0EE}"
EndProject
Global
	GlobalSection(SolutionConfigurationPlatforms) = preSolution
		Debug|Any CPU = Debug|Any CPU
		Release|Any CPU = Release|Any CPU
	EndGlobalSection
	GlobalSection(ProjectConfigurationPlatforms) = postSolution
		{BB362973-9CB4-4444-BB3F-98F1F8F1C0EE}.Debug|Any CPU.ActiveCfg = Debug|Any CPU
		{BB362973-9CB4-4444-BB3F-98F1F8F1C0EE}.Debug|Any CPU.Build.0 = Debug|Any CPU
		{BB362973-9CB4-4444-BB3F-98F1F8F1C0EE}.Release|Any CPU.ActiveCfg = Release|Any CPU
		{BB362973-9CB4-4444-BB3F-98F1F8F1C0EE}.Release|Any CPU.Build.0 = Release|Any CPU
	EndGlobalSection
	GlobalSection(SolutionProperties) = preSolution
		HideSolutionNode = FALSE
	EndGlobalSection
	GlobalSection(ExtensibilityGlobals) = postSolution
		SolutionGuid = {6A88FE96-0051-462D-BA51-B21569DAC405}
	EndGlobalSection
EndGlobal
